PODS:
  - ACPDownload (1.1.0)
  - Alamofire (4.0.1)
  - AlamofireImage (3.1.0):
    - Alamofire (~> 4.0)
  - Crashlytics (3.8.3):
    - Fabric (~> 1.6.3)
  - CSStickyHeaderFlowLayout (0.2.11)
  - Decodable (0.5)
  - Fabric (1.6.10)
  - FontAwesome.swift (0.11.1)
  - Moya (8.0.0-beta.2):
    - Moya/Core (= 8.0.0-beta.2)
  - Moya/Core (8.0.0-beta.2):
    - Alamofire (~> 4.0.0)
    - Result
  - ReachabilitySwift (3)
  - Result (3.0.0)
  - Reveal-iOS-SDK (1.6.2)
  - SnapKit (3.0.2)
  - STRegex (0.4.2)
  - UIImage-Color (1.1.1)
  - XCDYouTubeKit (2.5.3)
  - XCGLogger (4.0.0):
    - XCGLogger/Core (= 4.0.0)
  - XCGLogger/Core (4.0.0)

DEPENDENCIES:
  - ACPDownload
  - Alamofire
  - AlamofireImage
  - Crashlytics
  - CSStickyHeaderFlowLayout
  - Decodable
  - Fabric
  - FontAwesome.swift (from `git@github.com:thii/FontAwesome.swift.git`)
  - Moya (= 8.0.0-beta.2)
  - ReachabilitySwift
  - Reveal-iOS-SDK
  - SnapKit
  - STRegex
  - UIImage-Color
  - XCDYouTubeKit
  - XCGLogger

EXTERNAL SOURCES:
  FontAwesome.swift:
    :git: git@github.com:thii/FontAwesome.swift.git

CHECKOUT OPTIONS:
  FontAwesome.swift:
    :commit: b03d71746f277690d1ff7df0c539641c4ba57d4d
    :git: git@github.com:thii/FontAwesome.swift.git

SPEC CHECKSUMS:
  ACPDownload: 9c6349be96019b6c8c87ad46570af1cbc7106bf4
  Alamofire: 7682d43245de14874acd142ec137b144aa1dd335
  AlamofireImage: bb8c8351c51cb1633bb6be69b6dbbaff37ce65b7
  Crashlytics: 2b6dbe138a42395577cfa73dfa1aa7248cadf39e
  CSStickyHeaderFlowLayout: e9bcb1762413f49d7d09e5bd0ae5efd1100116b7
  Decodable: 7c90acc68d357b71d0d6efc120faf9c53c644b7e
  Fabric: c73f371ee543e3f0b80608f2674750e4910d1669
  FontAwesome.swift: 9879cd6a1462bf160662d519f7b7474d73bdd1c3
  Moya: 920d40f738e6f4ece84010cec701bb9693be8251
  ReachabilitySwift: f5b9bb30a0777fac8f09ce8b067e32faeb29bb64
  Result: 1b3e431f37cbcd3ad89c6aa9ab0ae55515fae3b6
  Reveal-iOS-SDK: e2250b3c155bcfac53ae223ddc1f76d08f206c33
  SnapKit: 2e456761aa92d4d4067a7a5594c18769d451a8ad
  STRegex: 9b6e0a4300c8442d1aa93241c895eeec4cc56935
  UIImage-Color: 29d79c2acdd1836eae9815836a14fddfcd2db38f
  XCDYouTubeKit: 90690f9e3523735dc93b8024269d991b0cfffe78
  XCGLogger: 38063ea89b4c8b23232d18efd2e12eb0005f3ea4

PODFILE CHECKSUM: b724994bc9491605acebf8814a8795040e4cd2c2

COCOAPODS: 1.0.1
